# This file is automatically @generated by Cargo.
# It is not intended for manual editing.
version = 4

[[package]]
name = "bitaxe-api"
version = "0.1.0"

[[package]]
name = "bitaxe-asic"
version = "0.1.0"

[[package]]
name = "bitaxe-config"
version = "0.1.0"
dependencies = [
 "bitaxe-core",
]

[[package]]
name = "bitaxe-core"
version = "0.1.0"

[[package]]
name = "bitaxe-firmware"
version = "0.1.0"

[[package]]
name = "bitaxe-stratum"
version = "0.1.0"

[[package]]
name = "bitaxe-test-support"
version = "0.1.0"
dependencies = [
 "bitaxe-core",
]
